
Microsoft Visual Studio Solution File, Format Version 12.00
# Visual Studio Version 16
VisualStudioVersion = 16.0.30907.101
MinimumVisualStudioVersion = 10.0.40219.1
Project("{FAE04EC0-301F-11D3-BF4B-00C04F79EFBC}") = "Usuarios", "Usuarios\Usuarios.csproj", "{848EEFA1-B201-4EA9-AE03-0168EE62EB58}"
EndProject
Global
	GlobalSection(SolutionConfigurationPlatforms) = preSolution
		Debug|Any CPU = Debug|Any CPU
		Release|Any CPU = Release|Any CPU
	EndGlobalSection
	GlobalSection(ProjectConfigurationPlatforms) = postSolution
		{848EEFA1-B201-4EA9-AE03-0168EE62EB58}.Debug|Any CPU.ActiveCfg = Debug|Any CPU
		{848EEFA1-B201-4EA9-AE03-0168EE62EB58}.Debug|Any CPU.Build.0 = Debug|Any CPU
		{848EEFA1-B201-4EA9-AE03-0168EE62EB58}.Release|Any CPU.ActiveCfg = Release|Any CPU
		{848EEFA1-B201-4EA9-AE03-0168EE62EB58}.Release|Any CPU.Build.0 = Release|Any CPU
	EndGlobalSection
	GlobalSection(SolutionProperties) = preSolution
		HideSolutionNode = FALSE
	EndGlobalSection
	GlobalSection(ExtensibilityGlobals) = postSolution
		SolutionGuid = {592B38AD-B135-44B5-835B-F3B3206AFF36}
	EndGlobalSection
EndGlobal
